github.com/AnimusPEXUS/goinmemfile v0.0.0-20230402102658-16fda24ef49a h1:TExXN9KW90G5g17auIqHUERQQ/XYDFY/hYrPZpfC8wM=
github.com/AnimusPEXUS/goinmemfile v0.0.0-20230402102658-16fda24ef49a/go.mod h1:1dwjt85DZhL+k0b3meVRsoyfWAhbKCh5gfuZoxU0Gr8=
github.com/AnimusPEXUS/gojsonrpc2 v0.0.0-20230510061726-c8f5ddda4b5b h1:CfIs6eqNiZ3KlwoIxaBwPR5GQ8xaX8C6QQgvi0KHH9o=
github.com/AnimusPEXUS/gojsonrpc2 v0.0.0-20230510061726-c8f5ddda4b5b/go.mod h1:UZCgWpRRRz0ePYYx/8w/jb0u3MG7jJFpNDnMd8cM4xI=
github.com/AnimusPEXUS/golockerreentrancycontext v0.0.0-20230205202617-6e6a53c419ed h1:qGTO2fbCFtcb0asmUUq/jGw0joYb206u78ey0gkl/BQ=
github.com/AnimusPEXUS/golockerreentrancycontext v0.0.0-20230205202617-6e6a53c419ed/go.mod h1:MVQsxAvekQWhuo4s0F+N2PxVeTOGqUwQgXATWa2IggI=
github.com/AnimusPEXUS/gouuidtools v0.0.0-20230510061655-350b06aea7c5 h1:ZB1eQug51Esd72FaxSC9eJ+Z52YSQSb8j6jTlpkq1oc=
github.com/AnimusPEXUS/gouuidtools v0.0.0-20230510061655-350b06aea7c5/go.mod h1:kGZCqtUsugQ9V8BgUzsn4602KQKC2j41U8nHO62acBU=
github.com/AnimusPEXUS/utils v0.0.0-20230429235807-5de56d5918ef h1:fXfsWxV4Fgt+NRf5km1bPcBvJVG57edx72QUF7VINq8=
github.com/AnimusPEXUS/utils v0.0.0-20230429235807-5de56d5918ef/go.mod h1:qEzA426LPDVc5bFqhazSQ8Q3iJP/04/h+VZzbY9BewQ=
