github.com/AnimusPEXUS/goinmemfile v0.0.0-20230402102658-16fda24ef49a h1:TExXN9KW90G5g17auIqHUERQQ/XYDFY/hYrPZpfC8wM=
github.com/AnimusPEXUS/goinmemfile v0.0.0-20230402102658-16fda24ef49a/go.mod h1:1dwjt85DZhL+k0b3meVRsoyfWAhbKCh5gfuZoxU0Gr8=
github.com/AnimusPEXUS/gojsonrpc2 v0.0.0-20230511030021-0ae12ef9a912 h1:6nrtseVlsN6MSxl8Vmv32Cmg7ham8GvVF7QMGlSW6bY=
github.com/AnimusPEXUS/gojsonrpc2 v0.0.0-20230511030021-0ae12ef9a912/go.mod h1:WEfyq024e2Fmnh6ZhOvkY95e3ZcFPvIANGX+QbQhOWg=
github.com/AnimusPEXUS/golockerreentrancycontext v0.0.0-20230205202617-6e6a53c419ed h1:qGTO2fbCFtcb0asmUUq/jGw0joYb206u78ey0gkl/BQ=
github.com/AnimusPEXUS/golockerreentrancycontext v0.0.0-20230205202617-6e6a53c419ed/go.mod h1:MVQsxAvekQWhuo4s0F+N2PxVeTOGqUwQgXATWa2IggI=
github.com/AnimusPEXUS/gouuidtools v0.0.0-20230531143600-73cc0113c445 h1:B8wGpTwZ50DQvEbOBx7Z6urDunN1GZRS2x8GVG9YIC8=
github.com/AnimusPEXUS/gouuidtools v0.0.0-20230531143600-73cc0113c445/go.mod h1:kGZCqtUsugQ9V8BgUzsn4602KQKC2j41U8nHO62acBU=
github.com/AnimusPEXUS/utils v0.0.0-20230429235807-5de56d5918ef h1:fXfsWxV4Fgt+NRf5km1bPcBvJVG57edx72QUF7VINq8=
github.com/AnimusPEXUS/utils v0.0.0-20230429235807-5de56d5918ef/go.mod h1:qEzA426LPDVc5bFqhazSQ8Q3iJP/04/h+VZzbY9BewQ=
