github.com/AnimusPEXUS/goinmemfile v0.0.0-20230402102658-16fda24ef49a h1:TExXN9KW90G5g17auIqHUERQQ/XYDFY/hYrPZpfC8wM=
github.com/AnimusPEXUS/goinmemfile v0.0.0-20230402102658-16fda24ef49a/go.mod h1:1dwjt85DZhL+k0b3meVRsoyfWAhbKCh5gfuZoxU0Gr8=
github.com/AnimusPEXUS/gojsonrpc2 v0.0.0-20230419224628-b099e0ddf71e h1:VyReM6boshuMaqlA8iuIu/XTD6LT0Kgqpy7GTv+RF2Q=
github.com/AnimusPEXUS/gojsonrpc2 v0.0.0-20230419224628-b099e0ddf71e/go.mod h1:qz9lrAVfIQi8UjFt8JCfYqM5wi1cztR80a0nXK7E28g=
github.com/AnimusPEXUS/golockerreentrancycontext v0.0.0-20230205202617-6e6a53c419ed h1:qGTO2fbCFtcb0asmUUq/jGw0joYb206u78ey0gkl/BQ=
github.com/AnimusPEXUS/golockerreentrancycontext v0.0.0-20230205202617-6e6a53c419ed/go.mod h1:MVQsxAvekQWhuo4s0F+N2PxVeTOGqUwQgXATWa2IggI=
github.com/AnimusPEXUS/utils v0.0.0-20230419193547-d74bdd0d75d9 h1:GLJpJ6GvN46gO+rmJ2hvQ569Vjg025t6s3AVWaV0R60=
github.com/AnimusPEXUS/utils v0.0.0-20230419193547-d74bdd0d75d9/go.mod h1:qEzA426LPDVc5bFqhazSQ8Q3iJP/04/h+VZzbY9BewQ=
github.com/kr/text v0.2.0 h1:5Nx0Ya0ZqY2ygV366QzturHI13Jq95ApcVaJBhpS+AY=
github.com/niemeyer/pretty v0.0.0-20200227124842-a10e7caefd8e h1:fD57ERR4JtEqsWbfPhv4DMiApHyliiK5xCTNVSPiaAs=
github.com/satori/go.uuid v1.2.0 h1:0uYX9dsZ2yD7q2RtLRtPSdGDWzjeM3TbMJP9utgA0ww=
github.com/satori/go.uuid v1.2.0/go.mod h1:dA0hQrYB0VpLJoorglMZABFdXlWrHn1NEOzdhQKdks0=
gopkg.in/check.v1 v1.0.0-20200902074654-038fdea0a05b h1:QRR6H1YWRnHb4Y/HeNFCTJLFVxaq6wH4YuVdsUOr75U=
