github.com/AnimusPEXUS/goinmemfile v0.0.0-20230615005913-b987d11ee924 h1:bL/hHquPdZe6C3ltW3kzeOOZKMgPTPqtYHWgC1O6sO0=
github.com/AnimusPEXUS/goinmemfile v0.0.0-20230615005913-b987d11ee924/go.mod h1:1dwjt85DZhL+k0b3meVRsoyfWAhbKCh5gfuZoxU0Gr8=
github.com/AnimusPEXUS/gojsonrpc2 v0.0.0-20230717161529-821662400bf5 h1:90Cr6MQTpC2PFOJcR1p8HZF9zB20F/IwaWats1ZxqCc=
github.com/AnimusPEXUS/gojsonrpc2 v0.0.0-20230717161529-821662400bf5/go.mod h1:rq1TxQ/1JLeHOrKmS6q9o7L70QMhJ1R0MHrZceNQdKc=
github.com/AnimusPEXUS/golockerreentrancycontext v0.0.0-20230717161346-c957a5cf3eba h1:zP2C4sIEn0tQLOzo+l2IZdVDweaM4y8mXtiBVjJTRJo=
github.com/AnimusPEXUS/golockerreentrancycontext v0.0.0-20230717161346-c957a5cf3eba/go.mod h1:MVQsxAvekQWhuo4s0F+N2PxVeTOGqUwQgXATWa2IggI=
github.com/AnimusPEXUS/gouuidtools v0.0.0-20230717161420-055eb4cf9e82 h1:k1M6exPr2/ksQNsXhY+gTpwaT3kWkiil/2Z7xvl58qc=
github.com/AnimusPEXUS/gouuidtools v0.0.0-20230717161420-055eb4cf9e82/go.mod h1:rRgjvZ/uVCAoPbC9J3phVUCk+jPeoeUa/BEHbF0xOb4=
github.com/AnimusPEXUS/utils v0.0.0-20230615004702-c6d6bfd8bb84 h1:6iGJfOefydaibqTSY5itHXHbFnMRehyVdhHqlVOV1iw=
github.com/AnimusPEXUS/utils v0.0.0-20230615004702-c6d6bfd8bb84/go.mod h1:wTxCjTsBHYrK2WnlmHOol35DyP1Eh0wsa59KAMp32+U=
