github.com/AnimusPEXUS/goinmemfile v0.0.0-20230402102658-16fda24ef49a h1:TExXN9KW90G5g17auIqHUERQQ/XYDFY/hYrPZpfC8wM=
github.com/AnimusPEXUS/goinmemfile v0.0.0-20230402102658-16fda24ef49a/go.mod h1:1dwjt85DZhL+k0b3meVRsoyfWAhbKCh5gfuZoxU0Gr8=
github.com/AnimusPEXUS/gojsonrpc2 v0.0.0-20230510062915-933dd0db22b7 h1:Ib0mVolWTH+VvW73ysFeGMZptCL07bpG7iu79iwcPNQ=
github.com/AnimusPEXUS/gojsonrpc2 v0.0.0-20230510062915-933dd0db22b7/go.mod h1:bGczOKJL23LIuoHF7UwQ2ipu9xEGpEGLZ0BGn9kHvME=
github.com/AnimusPEXUS/golockerreentrancycontext v0.0.0-20230205202617-6e6a53c419ed h1:qGTO2fbCFtcb0asmUUq/jGw0joYb206u78ey0gkl/BQ=
github.com/AnimusPEXUS/golockerreentrancycontext v0.0.0-20230205202617-6e6a53c419ed/go.mod h1:MVQsxAvekQWhuo4s0F+N2PxVeTOGqUwQgXATWa2IggI=
github.com/AnimusPEXUS/gouuidtools v0.0.0-20230510062845-7e3263b1ffa1 h1:Tx7lvKfA+2OUO7EDsHmQEQzZh0vBM3gLaHTGrz7lwHM=
github.com/AnimusPEXUS/gouuidtools v0.0.0-20230510062845-7e3263b1ffa1/go.mod h1:kGZCqtUsugQ9V8BgUzsn4602KQKC2j41U8nHO62acBU=
github.com/AnimusPEXUS/utils v0.0.0-20230429235807-5de56d5918ef h1:fXfsWxV4Fgt+NRf5km1bPcBvJVG57edx72QUF7VINq8=
github.com/AnimusPEXUS/utils v0.0.0-20230429235807-5de56d5918ef/go.mod h1:qEzA426LPDVc5bFqhazSQ8Q3iJP/04/h+VZzbY9BewQ=
